// !$*UTF8*$!
{
	archiveVersion = 1;
	classes = {
	};
	objectVersion = 56;
	objects = {

/* Begin PBXBuildFile section */
		8E704FF82B96DD44009D782B /* diaryApp.swift in Sources */ = {isa = PBXBuildFile; fileRef = 8E704FF72B96DD44009D782B /* diaryApp.swift */; };
		8E704FFA2B96DD44009D782B /* HomePageView.swift in Sources */ = {isa = PBXBuildFile; fileRef = 8E704FF92B96DD44009D782B /* HomePageView.swift */; };
		8E704FFE2B96DD45009D782B /* Assets.xcassets in Resources */ = {isa = PBXBuildFile; fileRef = 8E704FFD2B96DD45009D782B /* Assets.xcassets */; };
		8E7050012B96DD45009D782B /* Preview Assets.xcassets in Resources */ = {isa = PBXBuildFile; fileRef = 8E7050002B96DD45009D782B /* Preview Assets.xcassets */; };
		8E70500B2B96DD45009D782B /* diaryTests.swift in Sources */ = {isa = PBXBuildFile; fileRef = 8E70500A2B96DD45009D782B /* diaryTests.swift */; };
		8E7050152B96DD45009D782B /* diaryUITests.swift in Sources */ = {isa = PBXBuildFile; fileRef = 8E7050142B96DD45009D782B /* diaryUITests.swift */; };
		8E7050172B96DD45009D782B /* diaryUITestsLaunchTests.swift in Sources */ = {isa = PBXBuildFile; fileRef = 8E7050162B96DD45009D782B /* diaryUITestsLaunchTests.swift */; };
		8E90ED212BB51E8200B98F87 /* ApiResponse.swift in Sources */ = {isa = PBXBuildFile; fileRef = 8E90ED202BB51E8200B98F87 /* ApiResponse.swift */; };
		8EA013882BAD6C7E00159BD0 /* LoginViewModel.swift in Sources */ = {isa = PBXBuildFile; fileRef = 8EA013872BAD6C7E00159BD0 /* LoginViewModel.swift */; };
		8EA0138B2BAD6E0300159BD0 /* DiaryApiUtils.swift in Sources */ = {isa = PBXBuildFile; fileRef = 8EA0138A2BAD6E0300159BD0 /* DiaryApiUtils.swift */; };
		8EA013902BAD741000159BD0 /* LoginAction.swift in Sources */ = {isa = PBXBuildFile; fileRef = 8EA0138F2BAD741000159BD0 /* LoginAction.swift */; };
		8EA013932BAD77D600159BD0 /* LoginRequest.swift in Sources */ = {isa = PBXBuildFile; fileRef = 8EA013922BAD77D600159BD0 /* LoginRequest.swift */; };
		8EA013952BAD78C700159BD0 /* LoginResponse.swift in Sources */ = {isa = PBXBuildFile; fileRef = 8EA013942BAD78C700159BD0 /* LoginResponse.swift */; };
		8EC52C4F2BA953E800ED09C2 /* LoginPageView.swift in Sources */ = {isa = PBXBuildFile; fileRef = 8EC52C4E2BA953E800ED09C2 /* LoginPageView.swift */; };
		8EC52C512BA95DD600ED09C2 /* NewsPageView.swift in Sources */ = {isa = PBXBuildFile; fileRef = 8EC52C502BA95DD600ED09C2 /* NewsPageView.swift */; };
		8EC52C552BA9656E00ED09C2 /* NewsViewModel.swift in Sources */ = {isa = PBXBuildFile; fileRef = 8EC52C542BA9656E00ED09C2 /* NewsViewModel.swift */; };
		8EC52C582BA96BC800ED09C2 /* NewsArticleDto.swift in Sources */ = {isa = PBXBuildFile; fileRef = 8EC52C572BA96BC800ED09C2 /* NewsArticleDto.swift */; };
		8EC52C5C2BA96DA600ED09C2 /* GetArticlesResponse.swift in Sources */ = {isa = PBXBuildFile; fileRef = 8EC52C5B2BA96DA600ED09C2 /* GetArticlesResponse.swift */; };
/* End PBXBuildFile section */

/* Begin PBXContainerItemProxy section */
		8E7050072B96DD45009D782B /* PBXContainerItemProxy */ = {
			isa = PBXContainerItemProxy;
			containerPortal = 8E704FEC2B96DD44009D782B /* Project object */;
			proxyType = 1;
			remoteGlobalIDString = 8E704FF32B96DD44009D782B;
			remoteInfo = diary;
		};
		8E7050112B96DD45009D782B /* PBXContainerItemProxy */ = {
			isa = PBXContainerItemProxy;
			containerPortal = 8E704FEC2B96DD44009D782B /* Project object */;
			proxyType = 1;
			remoteGlobalIDString = 8E704FF32B96DD44009D782B;
			remoteInfo = diary;
		};
/* End PBXContainerItemProxy section */

/* Begin PBXFileReference section */
		8E704FF42B96DD44009D782B /* diary.app */ = {isa = PBXFileReference; explicitFileType = wrapper.application; includeInIndex = 0; path = diary.app; sourceTree = BUILT_PRODUCTS_DIR; };
		8E704FF72B96DD44009D782B /* diaryApp.swift */ = {isa = PBXFileReference; lastKnownFileType = sourcecode.swift; path = diaryApp.swift; sourceTree = "<group>"; };
		8E704FF92B96DD44009D782B /* HomePageView.swift */ = {isa = PBXFileReference; lastKnownFileType = sourcecode.swift; path = HomePageView.swift; sourceTree = "<group>"; };
		8E704FFD2B96DD45009D782B /* Assets.xcassets */ = {isa = PBXFileReference; lastKnownFileType = folder.assetcatalog; path = Assets.xcassets; sourceTree = "<group>"; };
		8E7050002B96DD45009D782B /* Preview Assets.xcassets */ = {isa = PBXFileReference; lastKnownFileType = folder.assetcatalog; path = "Preview Assets.xcassets"; sourceTree = "<group>"; };
		8E7050062B96DD45009D782B /* diaryTests.xctest */ = {isa = PBXFileReference; explicitFileType = wrapper.cfbundle; includeInIndex = 0; path = diaryTests.xctest; sourceTree = BUILT_PRODUCTS_DIR; };
		8E70500A2B96DD45009D782B /* diaryTests.swift */ = {isa = PBXFileReference; lastKnownFileType = sourcecode.swift; path = diaryTests.swift; sourceTree = "<group>"; };
		8E7050102B96DD45009D782B /* diaryUITests.xctest */ = {isa = PBXFileReference; explicitFileType = wrapper.cfbundle; includeInIndex = 0; path = diaryUITests.xctest; sourceTree = BUILT_PRODUCTS_DIR; };
		8E7050142B96DD45009D782B /* diaryUITests.swift */ = {isa = PBXFileReference; lastKnownFileType = sourcecode.swift; path = diaryUITests.swift; sourceTree = "<group>"; };
		8E7050162B96DD45009D782B /* diaryUITestsLaunchTests.swift */ = {isa = PBXFileReference; lastKnownFileType = sourcecode.swift; path = diaryUITestsLaunchTests.swift; sourceTree = "<group>"; };
		8E90ED202BB51E8200B98F87 /* ApiResponse.swift */ = {isa = PBXFileReference; lastKnownFileType = sourcecode.swift; path = ApiResponse.swift; sourceTree = "<group>"; };
		8EA013872BAD6C7E00159BD0 /* LoginViewModel.swift */ = {isa = PBXFileReference; lastKnownFileType = sourcecode.swift; path = LoginViewModel.swift; sourceTree = "<group>"; };
		8EA0138A2BAD6E0300159BD0 /* DiaryApiUtils.swift */ = {isa = PBXFileReference; lastKnownFileType = sourcecode.swift; path = DiaryApiUtils.swift; sourceTree = "<group>"; };
		8EA0138F2BAD741000159BD0 /* LoginAction.swift */ = {isa = PBXFileReference; lastKnownFileType = sourcecode.swift; path = LoginAction.swift; sourceTree = "<group>"; };
		8EA013922BAD77D600159BD0 /* LoginRequest.swift */ = {isa = PBXFileReference; lastKnownFileType = sourcecode.swift; path = LoginRequest.swift; sourceTree = "<group>"; };
		8EA013942BAD78C700159BD0 /* LoginResponse.swift */ = {isa = PBXFileReference; lastKnownFileType = sourcecode.swift; path = LoginResponse.swift; sourceTree = "<group>"; };
		8EC52C4E2BA953E800ED09C2 /* LoginPageView.swift */ = {isa = PBXFileReference; lastKnownFileType = sourcecode.swift; path = LoginPageView.swift; sourceTree = "<group>"; };
		8EC52C502BA95DD600ED09C2 /* NewsPageView.swift */ = {isa = PBXFileReference; lastKnownFileType = sourcecode.swift; path = NewsPageView.swift; sourceTree = "<group>"; };
		8EC52C542BA9656E00ED09C2 /* NewsViewModel.swift */ = {isa = PBXFileReference; lastKnownFileType = sourcecode.swift; path = NewsViewModel.swift; sourceTree = "<group>"; };
		8EC52C572BA96BC800ED09C2 /* NewsArticleDto.swift */ = {isa = PBXFileReference; lastKnownFileType = sourcecode.swift; path = NewsArticleDto.swift; sourceTree = "<group>"; };
		8EC52C5B2BA96DA600ED09C2 /* GetArticlesResponse.swift */ = {isa = PBXFileReference; lastKnownFileType = sourcecode.swift; path = GetArticlesResponse.swift; sourceTree = "<group>"; };
/* End PBXFileReference section */

/* Begin PBXFrameworksBuildPhase section */
		8E704FF12B96DD44009D782B /* Frameworks */ = {
			isa = PBXFrameworksBuildPhase;
			buildActionMask = 2147483647;
			files = (
			);
			runOnlyForDeploymentPostprocessing = 0;
		};
		8E7050032B96DD45009D782B /* Frameworks */ = {
			isa = PBXFrameworksBuildPhase;
			buildActionMask = 2147483647;
			files = (
			);
			runOnlyForDeploymentPostprocessing = 0;
		};
		8E70500D2B96DD45009D782B /* Frameworks */ = {
			isa = PBXFrameworksBuildPhase;
			buildActionMask = 2147483647;
			files = (
			);
			runOnlyForDeploymentPostprocessing = 0;
		};
/* End PBXFrameworksBuildPhase section */

/* Begin PBXGroup section */
		8E704FEB2B96DD44009D782B = {
			isa = PBXGroup;
			children = (
				8E704FF62B96DD44009D782B /* diary */,
				8E7050092B96DD45009D782B /* diaryTests */,
				8E7050132B96DD45009D782B /* diaryUITests */,
				8E704FF52B96DD44009D782B /* Products */,
			);
			sourceTree = "<group>";
		};
		8E704FF52B96DD44009D782B /* Products */ = {
			isa = PBXGroup;
			children = (
				8E704FF42B96DD44009D782B /* diary.app */,
				8E7050062B96DD45009D782B /* diaryTests.xctest */,
				8E7050102B96DD45009D782B /* diaryUITests.xctest */,
			);
			name = Products;
			sourceTree = "<group>";
		};
		8E704FF62B96DD44009D782B /* diary */ = {
			isa = PBXGroup;
			children = (
				8EA013892BAD6DF700159BD0 /* Common */,
				8EC52C5E2BA971A100ED09C2 /* Domains */,
				8EC52C4D2BA9532B00ED09C2 /* Views */,
				8E704FF72B96DD44009D782B /* diaryApp.swift */,
				8E704FFD2B96DD45009D782B /* Assets.xcassets */,
				8E704FFF2B96DD45009D782B /* Preview Content */,
			);
			path = diary;
			sourceTree = "<group>";
		};
		8E704FFF2B96DD45009D782B /* Preview Content */ = {
			isa = PBXGroup;
			children = (
				8E7050002B96DD45009D782B /* Preview Assets.xcassets */,
			);
			path = "Preview Content";
			sourceTree = "<group>";
		};
		8E7050092B96DD45009D782B /* diaryTests */ = {
			isa = PBXGroup;
			children = (
				8E70500A2B96DD45009D782B /* diaryTests.swift */,
			);
			path = diaryTests;
			sourceTree = "<group>";
		};
		8E7050132B96DD45009D782B /* diaryUITests */ = {
			isa = PBXGroup;
			children = (
				8E7050142B96DD45009D782B /* diaryUITests.swift */,
				8E7050162B96DD45009D782B /* diaryUITestsLaunchTests.swift */,
			);
			path = diaryUITests;
			sourceTree = "<group>";
		};
		8E90ED1F2BB51E6B00B98F87 /* Messages */ = {
			isa = PBXGroup;
			children = (
				8E90ED202BB51E8200B98F87 /* ApiResponse.swift */,
			);
			path = Messages;
			sourceTree = "<group>";
		};
		8EA013822BAD6AB500159BD0 /* Dtos */ = {
			isa = PBXGroup;
			children = (
				8EC52C572BA96BC800ED09C2 /* NewsArticleDto.swift */,
			);
			path = Dtos;
			sourceTree = "<group>";
		};
		8EA013832BAD6C3600159BD0 /* Member */ = {
			isa = PBXGroup;
			children = (
				8EA013912BAD77A500159BD0 /* Messages */,
				8EA0138E2BAD73FA00159BD0 /* Actions */,
				8EA013852BAD6C5B00159BD0 /* ViewModels */,
				8EA013842BAD6C4F00159BD0 /* Views */,
			);
			path = Member;
			sourceTree = "<group>";
		};
		8EA013842BAD6C4F00159BD0 /* Views */ = {
			isa = PBXGroup;
			children = (
				8EC52C4E2BA953E800ED09C2 /* LoginPageView.swift */,
			);
			path = Views;
			sourceTree = "<group>";
		};
		8EA013852BAD6C5B00159BD0 /* ViewModels */ = {
			isa = PBXGroup;
			children = (
				8EA013872BAD6C7E00159BD0 /* LoginViewModel.swift */,
			);
			path = ViewModels;
			sourceTree = "<group>";
		};
		8EA013892BAD6DF700159BD0 /* Common */ = {
			isa = PBXGroup;
			children = (
				8E90ED1F2BB51E6B00B98F87 /* Messages */,
				8EA0138D2BAD6EEE00159BD0 /* ApiUtils */,
			);
			path = Common;
			sourceTree = "<group>";
		};
		8EA0138D2BAD6EEE00159BD0 /* ApiUtils */ = {
			isa = PBXGroup;
			children = (
				8EA0138A2BAD6E0300159BD0 /* DiaryApiUtils.swift */,
			);
			path = ApiUtils;
			sourceTree = "<group>";
		};
		8EA0138E2BAD73FA00159BD0 /* Actions */ = {
			isa = PBXGroup;
			children = (
				8EA0138F2BAD741000159BD0 /* LoginAction.swift */,
			);
			path = Actions;
			sourceTree = "<group>";
		};
		8EA013912BAD77A500159BD0 /* Messages */ = {
			isa = PBXGroup;
			children = (
				8EA013922BAD77D600159BD0 /* LoginRequest.swift */,
				8EA013942BAD78C700159BD0 /* LoginResponse.swift */,
			);
			path = Messages;
			sourceTree = "<group>";
		};
		8EC52C4D2BA9532B00ED09C2 /* Views */ = {
			isa = PBXGroup;
			children = (
				8E704FF92B96DD44009D782B /* HomePageView.swift */,
			);
			path = Views;
			sourceTree = "<group>";
		};
		8EC52C522BA9650700ED09C2 /* ViewModels */ = {
			isa = PBXGroup;
			children = (
				8EC52C542BA9656E00ED09C2 /* NewsViewModel.swift */,
			);
			path = ViewModels;
			sourceTree = "<group>";
		};
		8EC52C5A2BA96D9400ED09C2 /* Messages */ = {
			isa = PBXGroup;
			children = (
				8EC52C5B2BA96DA600ED09C2 /* GetArticlesResponse.swift */,
			);
			path = Messages;
			sourceTree = "<group>";
		};
		8EC52C5E2BA971A100ED09C2 /* Domains */ = {
			isa = PBXGroup;
			children = (
				8EA013832BAD6C3600159BD0 /* Member */,
				8EC52C5F2BA971A900ED09C2 /* News */,
			);
			path = Domains;
			sourceTree = "<group>";
		};
		8EC52C5F2BA971A900ED09C2 /* News */ = {
			isa = PBXGroup;
			children = (
				8EA013822BAD6AB500159BD0 /* Dtos */,
				8EC52C5A2BA96D9400ED09C2 /* Messages */,
				8EC52C602BA971E100ED09C2 /* Views */,
				8EC52C522BA9650700ED09C2 /* ViewModels */,
			);
			path = News;
			sourceTree = "<group>";
		};
		8EC52C602BA971E100ED09C2 /* Views */ = {
			isa = PBXGroup;
			children = (
				8EC52C502BA95DD600ED09C2 /* NewsPageView.swift */,
			);
			path = Views;
			sourceTree = "<group>";
		};
/* End PBXGroup section */

/* Begin PBXNativeTarget section */
		8E704FF32B96DD44009D782B /* diary */ = {
			isa = PBXNativeTarget;
			buildConfigurationList = 8E70501A2B96DD45009D782B /* Build configuration list for PBXNativeTarget "diary" */;
			buildPhases = (
				8E704FF02B96DD44009D782B /* Sources */,
				8E704FF12B96DD44009D782B /* Frameworks */,
				8E704FF22B96DD44009D782B /* Resources */,
			);
			buildRules = (
			);
			dependencies = (
			);
			name = diary;
			productName = diary;
			productReference = 8E704FF42B96DD44009D782B /* diary.app */;
			productType = "com.apple.product-type.application";
		};
		8E7050052B96DD45009D782B /* diaryTests */ = {
			isa = PBXNativeTarget;
			buildConfigurationList = 8E70501D2B96DD45009D782B /* Build configuration list for PBXNativeTarget "diaryTests" */;
			buildPhases = (
				8E7050022B96DD45009D782B /* Sources */,
				8E7050032B96DD45009D782B /* Frameworks */,
				8E7050042B96DD45009D782B /* Resources */,
			);
			buildRules = (
			);
			dependencies = (
				8E7050082B96DD45009D782B /* PBXTargetDependency */,
			);
			name = diaryTests;
			productName = diaryTests;
			productReference = 8E7050062B96DD45009D782B /* diaryTests.xctest */;
			productType = "com.apple.product-type.bundle.unit-test";
		};
		8E70500F2B96DD45009D782B /* diaryUITests */ = {
			isa = PBXNativeTarget;
			buildConfigurationList = 8E7050202B96DD45009D782B /* Build configuration list for PBXNativeTarget "diaryUITests" */;
			buildPhases = (
				8E70500C2B96DD45009D782B /* Sources */,
				8E70500D2B96DD45009D782B /* Frameworks */,
				8E70500E2B96DD45009D782B /* Resources */,
			);
			buildRules = (
			);
			dependencies = (
				8E7050122B96DD45009D782B /* PBXTargetDependency */,
			);
			name = diaryUITests;
			productName = diaryUITests;
			productReference = 8E7050102B96DD45009D782B /* diaryUITests.xctest */;
			productType = "com.apple.product-type.bundle.ui-testing";
		};
/* End PBXNativeTarget section */

/* Begin PBXProject section */
		8E704FEC2B96DD44009D782B /* Project object */ = {
			isa = PBXProject;
			attributes = {
				BuildIndependentTargetsInParallel = 1;
				LastSwiftUpdateCheck = 1520;
				LastUpgradeCheck = 1520;
				TargetAttributes = {
					8E704FF32B96DD44009D782B = {
						CreatedOnToolsVersion = 15.2;
					};
					8E7050052B96DD45009D782B = {
						CreatedOnToolsVersion = 15.2;
						TestTargetID = 8E704FF32B96DD44009D782B;
					};
					8E70500F2B96DD45009D782B = {
						CreatedOnToolsVersion = 15.2;
						TestTargetID = 8E704FF32B96DD44009D782B;
					};
				};
			};
			buildConfigurationList = 8E704FEF2B96DD44009D782B /* Build configuration list for PBXProject "diary" */;
			compatibilityVersion = "Xcode 14.0";
			developmentRegion = en;
			hasScannedForEncodings = 0;
			knownRegions = (
				en,
				Base,
			);
			mainGroup = 8E704FEB2B96DD44009D782B;
			productRefGroup = 8E704FF52B96DD44009D782B /* Products */;
			projectDirPath = "";
			projectRoot = "";
			targets = (
				8E704FF32B96DD44009D782B /* diary */,
				8E7050052B96DD45009D782B /* diaryTests */,
				8E70500F2B96DD45009D782B /* diaryUITests */,
			);
		};
/* End PBXProject section */

/* Begin PBXResourcesBuildPhase section */
		8E704FF22B96DD44009D782B /* Resources */ = {
			isa = PBXResourcesBuildPhase;
			buildActionMask = 2147483647;
			files = (
				8E7050012B96DD45009D782B /* Preview Assets.xcassets in Resources */,
				8E704FFE2B96DD45009D782B /* Assets.xcassets in Resources */,
			);
			runOnlyForDeploymentPostprocessing = 0;
		};
		8E7050042B96DD45009D782B /* Resources */ = {
			isa = PBXResourcesBuildPhase;
			buildActionMask = 2147483647;
			files = (
			);
			runOnlyForDeploymentPostprocessing = 0;
		};
		8E70500E2B96DD45009D782B /* Resources */ = {
			isa = PBXResourcesBuildPhase;
			buildActionMask = 2147483647;
			files = (
			);
			runOnlyForDeploymentPostprocessing = 0;
		};
/* End PBXResourcesBuildPhase section */

/* Begin PBXSourcesBuildPhase section */
		8E704FF02B96DD44009D782B /* Sources */ = {
			isa = PBXSourcesBuildPhase;
			buildActionMask = 2147483647;
			files = (
				8EC52C512BA95DD600ED09C2 /* NewsPageView.swift in Sources */,
				8EC52C5C2BA96DA600ED09C2 /* GetArticlesResponse.swift in Sources */,
				8EA013952BAD78C700159BD0 /* LoginResponse.swift in Sources */,
				8E704FFA2B96DD44009D782B /* HomePageView.swift in Sources */,
				8EC52C552BA9656E00ED09C2 /* NewsViewModel.swift in Sources */,
				8E90ED212BB51E8200B98F87 /* ApiResponse.swift in Sources */,
				8EA013882BAD6C7E00159BD0 /* LoginViewModel.swift in Sources */,
				8E704FF82B96DD44009D782B /* diaryApp.swift in Sources */,
				8EA013902BAD741000159BD0 /* LoginAction.swift in Sources */,
				8EC52C582BA96BC800ED09C2 /* NewsArticleDto.swift in Sources */,
				8EC52C4F2BA953E800ED09C2 /* LoginPageView.swift in Sources */,
				8EA0138B2BAD6E0300159BD0 /* DiaryApiUtils.swift in Sources */,
				8EA013932BAD77D600159BD0 /* LoginRequest.swift in Sources */,
			);
			runOnlyForDeploymentPostprocessing = 0;
		};
		8E7050022B96DD45009D782B /* Sources */ = {
			isa = PBXSourcesBuildPhase;
			buildActionMask = 2147483647;
			files = (
				8E70500B2B96DD45009D782B /* diaryTests.swift in Sources */,
			);
			runOnlyForDeploymentPostprocessing = 0;
		};
		8E70500C2B96DD45009D782B /* Sources */ = {
			isa = PBXSourcesBuildPhase;
			buildActionMask = 2147483647;
			files = (
				8E7050172B96DD45009D782B /* diaryUITestsLaunchTests.swift in Sources */,
				8E7050152B96DD45009D782B /* diaryUITests.swift in Sources */,
			);
			runOnlyForDeploymentPostprocessing = 0;
		};
/* End PBXSourcesBuildPhase section */

/* Begin PBXTargetDependency section */
		8E7050082B96DD45009D782B /* PBXTargetDependency */ = {
			isa = PBXTargetDependency;
			target = 8E704FF32B96DD44009D782B /* diary */;
			targetProxy = 8E7050072B96DD45009D782B /* PBXContainerItemProxy */;
		};
		8E7050122B96DD45009D782B /* PBXTargetDependency */ = {
			isa = PBXTargetDependency;
			target = 8E704FF32B96DD44009D782B /* diary */;
			targetProxy = 8E7050112B96DD45009D782B /* PBXContainerItemProxy */;
		};
/* End PBXTargetDependency section */

/* Begin XCBuildConfiguration section */
		8E7050182B96DD45009D782B /* Debug */ = {
			isa = XCBuildConfiguration;
			buildSettings = {
				ALWAYS_SEARCH_USER_PATHS = NO;
				ASSETCATALOG_COMPILER_GENERATE_SWIFT_ASSET_SYMBOL_EXTENSIONS = YES;
				CLANG_ANALYZER_NONNULL = YES;
				CLANG_ANALYZER_NUMBER_OBJECT_CONVERSION = YES_AGGRESSIVE;
				CLANG_CXX_LANGUAGE_STANDARD = "gnu++20";
				CLANG_ENABLE_MODULES = YES;
				CLANG_ENABLE_OBJC_ARC = YES;
				CLANG_ENABLE_OBJC_WEAK = YES;
				CLANG_WARN_BLOCK_CAPTURE_AUTORELEASING = YES;
				CLANG_WARN_BOOL_CONVERSION = YES;
				CLANG_WARN_COMMA = YES;
				CLANG_WARN_CONSTANT_CONVERSION = YES;
				CLANG_WARN_DEPRECATED_OBJC_IMPLEMENTATIONS = YES;
				CLANG_WARN_DIRECT_OBJC_ISA_USAGE = YES_ERROR;
				CLANG_WARN_DOCUMENTATION_COMMENTS = YES;
				CLANG_WARN_EMPTY_BODY = YES;
				CLANG_WARN_ENUM_CONVERSION = YES;
				CLANG_WARN_INFINITE_RECURSION = YES;
				CLANG_WARN_INT_CONVERSION = YES;
				CLANG_WARN_NON_LITERAL_NULL_CONVERSION = YES;
				CLANG_WARN_OBJC_IMPLICIT_RETAIN_SELF = YES;
				CLANG_WARN_OBJC_LITERAL_CONVERSION = YES;
				CLANG_WARN_OBJC_ROOT_CLASS = YES_ERROR;
				CLANG_WARN_QUOTED_INCLUDE_IN_FRAMEWORK_HEADER = YES;
				CLANG_WARN_RANGE_LOOP_ANALYSIS = YES;
				CLANG_WARN_STRICT_PROTOTYPES = YES;
				CLANG_WARN_SUSPICIOUS_MOVE = YES;
				CLANG_WARN_UNGUARDED_AVAILABILITY = YES_AGGRESSIVE;
				CLANG_WARN_UNREACHABLE_CODE = YES;
				CLANG_WARN__DUPLICATE_METHOD_MATCH = YES;
				COPY_PHASE_STRIP = NO;
				DEBUG_INFORMATION_FORMAT = dwarf;
				ENABLE_STRICT_OBJC_MSGSEND = YES;
				ENABLE_TESTABILITY = YES;
				ENABLE_USER_SCRIPT_SANDBOXING = YES;
				GCC_C_LANGUAGE_STANDARD = gnu17;
				GCC_DYNAMIC_NO_PIC = NO;
				GCC_NO_COMMON_BLOCKS = YES;
				GCC_OPTIMIZATION_LEVEL = 0;
				GCC_PREPROCESSOR_DEFINITIONS = (
					"DEBUG=1",
					"$(inherited)",
				);
				GCC_WARN_64_TO_32_BIT_CONVERSION = YES;
				GCC_WARN_ABOUT_RETURN_TYPE = YES_ERROR;
				GCC_WARN_UNDECLARED_SELECTOR = YES;
				GCC_WARN_UNINITIALIZED_AUTOS = YES_AGGRESSIVE;
				GCC_WARN_UNUSED_FUNCTION = YES;
				GCC_WARN_UNUSED_VARIABLE = YES;
				IPHONEOS_DEPLOYMENT_TARGET = 17.2;
				LOCALIZATION_PREFERS_STRING_CATALOGS = YES;
				MTL_ENABLE_DEBUG_INFO = INCLUDE_SOURCE;
				MTL_FAST_MATH = YES;
				ONLY_ACTIVE_ARCH = YES;
				SDKROOT = iphoneos;
				SWIFT_ACTIVE_COMPILATION_CONDITIONS = "DEBUG $(inherited)";
				SWIFT_OPTIMIZATION_LEVEL = "-Onone";
			};
			name = Debug;
		};
		8E7050192B96DD45009D782B /* Release */ = {
			isa = XCBuildConfiguration;
			buildSettings = {
				ALWAYS_SEARCH_USER_PATHS = NO;
				ASSETCATALOG_COMPILER_GENERATE_SWIFT_ASSET_SYMBOL_EXTENSIONS = YES;
				CLANG_ANALYZER_NONNULL = YES;
				CLANG_ANALYZER_NUMBER_OBJECT_CONVERSION = YES_AGGRESSIVE;
				CLANG_CXX_LANGUAGE_STANDARD = "gnu++20";
				CLANG_ENABLE_MODULES = YES;
				CLANG_ENABLE_OBJC_ARC = YES;
				CLANG_ENABLE_OBJC_WEAK = YES;
				CLANG_WARN_BLOCK_CAPTURE_AUTORELEASING = YES;
				CLANG_WARN_BOOL_CONVERSION = YES;
				CLANG_WARN_COMMA = YES;
				CLANG_WARN_CONSTANT_CONVERSION = YES;
				CLANG_WARN_DEPRECATED_OBJC_IMPLEMENTATIONS = YES;
				CLANG_WARN_DIRECT_OBJC_ISA_USAGE = YES_ERROR;
				CLANG_WARN_DOCUMENTATION_COMMENTS = YES;
				CLANG_WARN_EMPTY_BODY = YES;
				CLANG_WARN_ENUM_CONVERSION = YES;
				CLANG_WARN_INFINITE_RECURSION = YES;
				CLANG_WARN_INT_CONVERSION = YES;
				CLANG_WARN_NON_LITERAL_NULL_CONVERSION = YES;
				CLANG_WARN_OBJC_IMPLICIT_RETAIN_SELF = YES;
				CLANG_WARN_OBJC_LITERAL_CONVERSION = YES;
				CLANG_WARN_OBJC_ROOT_CLASS = YES_ERROR;
				CLANG_WARN_QUOTED_INCLUDE_IN_FRAMEWORK_HEADER = YES;
				CLANG_WARN_RANGE_LOOP_ANALYSIS = YES;
				CLANG_WARN_STRICT_PROTOTYPES = YES;
				CLANG_WARN_SUSPICIOUS_MOVE = YES;
				CLANG_WARN_UNGUARDED_AVAILABILITY = YES_AGGRESSIVE;
				CLANG_WARN_UNREACHABLE_CODE = YES;
				CLANG_WARN__DUPLICATE_METHOD_MATCH = YES;
				COPY_PHASE_STRIP = NO;
				DEBUG_INFORMATION_FORMAT = "dwarf-with-dsym";
				ENABLE_NS_ASSERTIONS = NO;
				ENABLE_STRICT_OBJC_MSGSEND = YES;
				ENABLE_USER_SCRIPT_SANDBOXING = YES;
				GCC_C_LANGUAGE_STANDARD = gnu17;
				GCC_NO_COMMON_BLOCKS = YES;
				GCC_WARN_64_TO_32_BIT_CONVERSION = YES;
				GCC_WARN_ABOUT_RETURN_TYPE = YES_ERROR;
				GCC_WARN_UNDECLARED_SELECTOR = YES;
				GCC_WARN_UNINITIALIZED_AUTOS = YES_AGGRESSIVE;
				GCC_WARN_UNUSED_FUNCTION = YES;
				GCC_WARN_UNUSED_VARIABLE = YES;
				IPHONEOS_DEPLOYMENT_TARGET = 17.2;
				LOCALIZATION_PREFERS_STRING_CATALOGS = YES;
				MTL_ENABLE_DEBUG_INFO = NO;
				MTL_FAST_MATH = YES;
				SDKROOT = iphoneos;
				SWIFT_COMPILATION_MODE = wholemodule;
				VALIDATE_PRODUCT = YES;
			};
			name = Release;
		};
		8E70501B2B96DD45009D782B /* Debug */ = {
			isa = XCBuildConfiguration;
			buildSettings = {
				ASSETCATALOG_COMPILER_APPICON_NAME = AppIcon;
				ASSETCATALOG_COMPILER_GLOBAL_ACCENT_COLOR_NAME = AccentColor;
				CODE_SIGN_STYLE = Automatic;
				CURRENT_PROJECT_VERSION = 1;
				DEVELOPMENT_ASSET_PATHS = "\"diary/Preview Content\"";
				ENABLE_PREVIEWS = YES;
				GENERATE_INFOPLIST_FILE = YES;
				INFOPLIST_KEY_UIApplicationSceneManifest_Generation = YES;
				INFOPLIST_KEY_UIApplicationSupportsIndirectInputEvents = YES;
				INFOPLIST_KEY_UILaunchScreen_Generation = YES;
				INFOPLIST_KEY_UISupportedInterfaceOrientations_iPad = "UIInterfaceOrientationPortrait UIInterfaceOrientationPortraitUpsideDown UIInterfaceOrientationLandscapeLeft UIInterfaceOrientationLandscapeRight";
				INFOPLIST_KEY_UISupportedInterfaceOrientations_iPhone = "UIInterfaceOrientationPortrait UIInterfaceOrientationLandscapeLeft UIInterfaceOrientationLandscapeRight";
				LD_RUNPATH_SEARCH_PATHS = (
					"$(inherited)",
					"@executable_path/Frameworks",
				);
				MARKETING_VERSION = 1.0;
				PRODUCT_BUNDLE_IDENTIFIER = yoonjong.diary;
				PRODUCT_NAME = "$(TARGET_NAME)";
				SWIFT_EMIT_LOC_STRINGS = YES;
				SWIFT_VERSION = 5.0;
				TARGETED_DEVICE_FAMILY = "1,2";
			};
			name = Debug;
		};
		8E70501C2B96DD45009D782B /* Release */ = {
			isa = XCBuildConfiguration;
			buildSettings = {
				ASSETCATALOG_COMPILER_APPICON_NAME = AppIcon;
				ASSETCATALOG_COMPILER_GLOBAL_ACCENT_COLOR_NAME = AccentColor;
				CODE_SIGN_STYLE = Automatic;
				CURRENT_PROJECT_VERSION = 1;
				DEVELOPMENT_ASSET_PATHS = "\"diary/Preview Content\"";
				ENABLE_PREVIEWS = YES;
				GENERATE_INFOPLIST_FILE = YES;
				INFOPLIST_KEY_UIApplicationSceneManifest_Generation = YES;
				INFOPLIST_KEY_UIApplicationSupportsIndirectInputEvents = YES;
				INFOPLIST_KEY_UILaunchScreen_Generation = YES;
				INFOPLIST_KEY_UISupportedInterfaceOrientations_iPad = "UIInterfaceOrientationPortrait UIInterfaceOrientationPortraitUpsideDown UIInterfaceOrientationLandscapeLeft UIInterfaceOrientationLandscapeRight";
				INFOPLIST_KEY_UISupportedInterfaceOrientations_iPhone = "UIInterfaceOrientationPortrait UIInterfaceOrientationLandscapeLeft UIInterfaceOrientationLandscapeRight";
				LD_RUNPATH_SEARCH_PATHS = (
					"$(inherited)",
					"@executable_path/Frameworks",
				);
				MARKETING_VERSION = 1.0;
				PRODUCT_BUNDLE_IDENTIFIER = yoonjong.diary;
				PRODUCT_NAME = "$(TARGET_NAME)";
				SWIFT_EMIT_LOC_STRINGS = YES;
				SWIFT_VERSION = 5.0;
				TARGETED_DEVICE_FAMILY = "1,2";
			};
			name = Release;
		};
		8E70501E2B96DD45009D782B /* Debug */ = {
			isa = XCBuildConfiguration;
			buildSettings = {
				ALWAYS_EMBED_SWIFT_STANDARD_LIBRARIES = YES;
				BUNDLE_LOADER = "$(TEST_HOST)";
				CODE_SIGN_STYLE = Automatic;
				CURRENT_PROJECT_VERSION = 1;
				GENERATE_INFOPLIST_FILE = YES;
				IPHONEOS_DEPLOYMENT_TARGET = 17.2;
				MARKETING_VERSION = 1.0;
				PRODUCT_BUNDLE_IDENTIFIER = yoonjong.diaryTests;
				PRODUCT_NAME = "$(TARGET_NAME)";
				SWIFT_EMIT_LOC_STRINGS = NO;
				SWIFT_VERSION = 5.0;
				TARGETED_DEVICE_FAMILY = "1,2";
				TEST_HOST = "$(BUILT_PRODUCTS_DIR)/diary.app/$(BUNDLE_EXECUTABLE_FOLDER_PATH)/diary";
			};
			name = Debug;
		};
		8E70501F2B96DD45009D782B /* Release */ = {
			isa = XCBuildConfiguration;
			buildSettings = {
				ALWAYS_EMBED_SWIFT_STANDARD_LIBRARIES = YES;
				BUNDLE_LOADER = "$(TEST_HOST)";
				CODE_SIGN_STYLE = Automatic;
				CURRENT_PROJECT_VERSION = 1;
				GENERATE_INFOPLIST_FILE = YES;
				IPHONEOS_DEPLOYMENT_TARGET = 17.2;
				MARKETING_VERSION = 1.0;
				PRODUCT_BUNDLE_IDENTIFIER = yoonjong.diaryTests;
				PRODUCT_NAME = "$(TARGET_NAME)";
				SWIFT_EMIT_LOC_STRINGS = NO;
				SWIFT_VERSION = 5.0;
				TARGETED_DEVICE_FAMILY = "1,2";
				TEST_HOST = "$(BUILT_PRODUCTS_DIR)/diary.app/$(BUNDLE_EXECUTABLE_FOLDER_PATH)/diary";
			};
			name = Release;
		};
		8E7050212B96DD45009D782B /* Debug */ = {
			isa = XCBuildConfiguration;
			buildSettings = {
				ALWAYS_EMBED_SWIFT_STANDARD_LIBRARIES = YES;
				CODE_SIGN_STYLE = Automatic;
				CURRENT_PROJECT_VERSION = 1;
				GENERATE_INFOPLIST_FILE = YES;
				MARKETING_VERSION = 1.0;
				PRODUCT_BUNDLE_IDENTIFIER = yoonjong.diaryUITests;
				PRODUCT_NAME = "$(TARGET_NAME)";
				SWIFT_EMIT_LOC_STRINGS = NO;
				SWIFT_VERSION = 5.0;
				TARGETED_DEVICE_FAMILY = "1,2";
				TEST_TARGET_NAME = diary;
			};
			name = Debug;
		};
		8E7050222B96DD45009D782B /* Release */ = {
			isa = XCBuildConfiguration;
			buildSettings = {
				ALWAYS_EMBED_SWIFT_STANDARD_LIBRARIES = YES;
				CODE_SIGN_STYLE = Automatic;
				CURRENT_PROJECT_VERSION = 1;
				GENERATE_INFOPLIST_FILE = YES;
				MARKETING_VERSION = 1.0;
				PRODUCT_BUNDLE_IDENTIFIER = yoonjong.diaryUITests;
				PRODUCT_NAME = "$(TARGET_NAME)";
				SWIFT_EMIT_LOC_STRINGS = NO;
				SWIFT_VERSION = 5.0;
				TARGETED_DEVICE_FAMILY = "1,2";
				TEST_TARGET_NAME = diary;
			};
			name = Release;
		};
/* End XCBuildConfiguration section */

/* Begin XCConfigurationList section */
		8E704FEF2B96DD44009D782B /* Build configuration list for PBXProject "diary" */ = {
			isa = XCConfigurationList;
			buildConfigurations = (
				8E7050182B96DD45009D782B /* Debug */,
				8E7050192B96DD45009D782B /* Release */,
			);
			defaultConfigurationIsVisible = 0;
			defaultConfigurationName = Release;
		};
		8E70501A2B96DD45009D782B /* Build configuration list for PBXNativeTarget "diary" */ = {
			isa = XCConfigurationList;
			buildConfigurations = (
				8E70501B2B96DD45009D782B /* Debug */,
				8E70501C2B96DD45009D782B /* Release */,
			);
			defaultConfigurationIsVisible = 0;
			defaultConfigurationName = Release;
		};
		8E70501D2B96DD45009D782B /* Build configuration list for PBXNativeTarget "diaryTests" */ = {
			isa = XCConfigurationList;
			buildConfigurations = (
				8E70501E2B96DD45009D782B /* Debug */,
				8E70501F2B96DD45009D782B /* Release */,
			);
			defaultConfigurationIsVisible = 0;
			defaultConfigurationName = Release;
		};
		8E7050202B96DD45009D782B /* Build configuration list for PBXNativeTarget "diaryUITests" */ = {
			isa = XCConfigurationList;
			buildConfigurations = (
				8E7050212B96DD45009D782B /* Debug */,
				8E7050222B96DD45009D782B /* Release */,
			);
			defaultConfigurationIsVisible = 0;
			defaultConfigurationName = Release;
		};
/* End XCConfigurationList section */
	};
	rootObject = 8E704FEC2B96DD44009D782B /* Project object */;
}
